
Microsoft Visual Studio Solution File, Format Version 12.00
# Visual Studio 15
VisualStudioVersion = 15.0.28010.2003
MinimumVisualStudioVersion = 10.0.40219.1
Project("{FAE04EC0-301F-11D3-BF4B-00C04F79EFBC}") = "labNo 5", "labNo 5\labNo 5.csproj", "{9F51F3F1-390A-4FAB-BB99-E39DD850C003}"
EndProject
Global
	GlobalSection(SolutionConfigurationPlatforms) = preSolution
		Debug|Any CPU = Debug|Any CPU
		Release|Any CPU = Release|Any CPU
	EndGlobalSection
	GlobalSection(ProjectConfigurationPlatforms) = postSolution
		{9F51F3F1-390A-4FAB-BB99-E39DD850C003}.Debug|Any CPU.ActiveCfg = Debug|Any CPU
		{9F51F3F1-390A-4FAB-BB99-E39DD850C003}.Debug|Any CPU.Build.0 = Debug|Any CPU
		{9F51F3F1-390A-4FAB-BB99-E39DD850C003}.Release|Any CPU.ActiveCfg = Release|Any CPU
		{9F51F3F1-390A-4FAB-BB99-E39DD850C003}.Release|Any CPU.Build.0 = Release|Any CPU
	EndGlobalSection
	GlobalSection(SolutionProperties) = preSolution
		HideSolutionNode = FALSE
	EndGlobalSection
	GlobalSection(ExtensibilityGlobals) = postSolution
		SolutionGuid = {D6D42893-7FEB-4958-B7C4-2B5AF05C99B1}
	EndGlobalSection
EndGlobal
