
Microsoft Visual Studio Solution File, Format Version 12.00
# Visual Studio 15
VisualStudioVersion = 15.0.28010.2003
MinimumVisualStudioVersion = 10.0.40219.1
Project("{FAE04EC0-301F-11D3-BF4B-00C04F79EFBC}") = "LabNo 9", "LabNo 9\LabNo 9.csproj", "{FFC0FAA6-F9DA-44F2-BC8A-C79FAF79D148}"
EndProject
Global
	GlobalSection(SolutionConfigurationPlatforms) = preSolution
		Debug|Any CPU = Debug|Any CPU
		Release|Any CPU = Release|Any CPU
	EndGlobalSection
	GlobalSection(ProjectConfigurationPlatforms) = postSolution
		{FFC0FAA6-F9DA-44F2-BC8A-C79FAF79D148}.Debug|Any CPU.ActiveCfg = Debug|Any CPU
		{FFC0FAA6-F9DA-44F2-BC8A-C79FAF79D148}.Debug|Any CPU.Build.0 = Debug|Any CPU
		{FFC0FAA6-F9DA-44F2-BC8A-C79FAF79D148}.Release|Any CPU.ActiveCfg = Release|Any CPU
		{FFC0FAA6-F9DA-44F2-BC8A-C79FAF79D148}.Release|Any CPU.Build.0 = Release|Any CPU
	EndGlobalSection
	GlobalSection(SolutionProperties) = preSolution
		HideSolutionNode = FALSE
	EndGlobalSection
	GlobalSection(ExtensibilityGlobals) = postSolution
		SolutionGuid = {28FC2A2A-4168-4723-919F-219584C5FAF8}
	EndGlobalSection
EndGlobal
