
Microsoft Visual Studio Solution File, Format Version 12.00
# Visual Studio 15
VisualStudioVersion = 15.0.28010.2003
MinimumVisualStudioVersion = 10.0.40219.1
Project("{FAE04EC0-301F-11D3-BF4B-00C04F79EFBC}") = "labNO 4", "labNO 4\labNO 4.csproj", "{24A818CE-7CC8-43E7-9E8E-527D7A16766F}"
EndProject
Global
	GlobalSection(SolutionConfigurationPlatforms) = preSolution
		Debug|Any CPU = Debug|Any CPU
		Release|Any CPU = Release|Any CPU
	EndGlobalSection
	GlobalSection(ProjectConfigurationPlatforms) = postSolution
		{24A818CE-7CC8-43E7-9E8E-527D7A16766F}.Debug|Any CPU.ActiveCfg = Debug|Any CPU
		{24A818CE-7CC8-43E7-9E8E-527D7A16766F}.Debug|Any CPU.Build.0 = Debug|Any CPU
		{24A818CE-7CC8-43E7-9E8E-527D7A16766F}.Release|Any CPU.ActiveCfg = Release|Any CPU
		{24A818CE-7CC8-43E7-9E8E-527D7A16766F}.Release|Any CPU.Build.0 = Release|Any CPU
	EndGlobalSection
	GlobalSection(SolutionProperties) = preSolution
		HideSolutionNode = FALSE
	EndGlobalSection
	GlobalSection(ExtensibilityGlobals) = postSolution
		SolutionGuid = {3EB7A048-9A61-4F1D-90C9-DEB5BAEAD1D5}
	EndGlobalSection
EndGlobal
